
Microsoft Visual Studio Solution File, Format Version 12.00
# Visual Studio 2013
VisualStudioVersion = 12.0.40629.0
MinimumVisualStudioVersion = 10.0.40219.1
Project("{FAE04EC0-301F-11D3-BF4B-00C04F79EFBC}") = "Core.Common", "Core.Common\Core.Common.csproj", "{F6BCFF98-A714-4B7B-978F-23D812D1744A}"
EndProject
Project("{FAE04EC0-301F-11D3-BF4B-00C04F79EFBC}") = "Core.Common.Contracts", "Core.Common.Contracts\Core.Common.Contracts.csproj", "{5F9B5530-F150-4BF0-9D07-0AD8A4C6EF7D}"
EndProject
Project("{FAE04EC0-301F-11D3-BF4B-00C04F79EFBC}") = "Core.Common.UI", "Core.Common.UI\Core.Common.UI.csproj", "{5DF27A6C-2466-4BAA-B379-90D3D60AD5BA}"
EndProject
Project("{FAE04EC0-301F-11D3-BF4B-00C04F79EFBC}") = "Core.Common.ServiceModel", "Core.Common.ServiceModel\Core.Common.ServiceModel.csproj", "{73FBE0BF-9DB9-498E-8AEF-68210104D0C1}"
EndProject
Project("{2150E333-8FDC-42A3-9474-1A3956D46DE8}") = "Core", "Core", "{75B4091E-6830-4729-AA85-9D1C6A00E9E2}"
EndProject
Project("{2150E333-8FDC-42A3-9474-1A3956D46DE8}") = "Business", "Business", "{AFF45DC3-06E4-47A6-AEEC-82218F1B8556}"
EndProject
Project("{2150E333-8FDC-42A3-9474-1A3956D46DE8}") = "Client", "Client", "{FDE5AEB5-3891-4B2C-9EAD-1564D1562F79}"
EndProject
Project("{2150E333-8FDC-42A3-9474-1A3956D46DE8}") = "Tests", "Tests", "{D15D505E-91DC-48F8-A124-88D1DE9AB75A}"
EndProject
Project("{FAE04EC0-301F-11D3-BF4B-00C04F79EFBC}") = "CSC3045.Agile.Business.Entities", "CSC3045.Agile.Business.Entities\CSC3045.Agile.Business.Entities.csproj", "{02FDF132-B361-49FD-A988-D8A234DD98AA}"
EndProject
Project("{FAE04EC0-301F-11D3-BF4B-00C04F79EFBC}") = "CSC3045.Agile.Client.Entities", "CSC3045.Agile.Client.Entities\CSC3045.Agile.Client.Entities.csproj", "{98F36136-C738-4BC9-B9E9-58CF1463E9C1}"
EndProject
Project("{2150E333-8FDC-42A3-9474-1A3956D46DE8}") = "Data", "Data", "{20CE1526-DE3D-43B3-8AD6-464564D0B6CF}"
EndProject
Project("{FAE04EC0-301F-11D3-BF4B-00C04F79EFBC}") = "CSC3045.Agile.Data", "CSC3045.Agile.Data\CSC3045.Agile.Data.csproj", "{C48A9C38-6A69-4656-9D0E-1894B1CE487C}"
EndProject
Project("{FAE04EC0-301F-11D3-BF4B-00C04F79EFBC}") = "CSC3045.Agile.Data.Contracts", "CSC3045.Agile.Data.Contracts\CSC3045.Agile.Data.Contracts.csproj", "{EFD9FF88-099E-417B-A39A-1A358B9008CB}"
EndProject
Project("{FAE04EC0-301F-11D3-BF4B-00C04F79EFBC}") = "CSC3045.Agile.Business.Bootstrapper", "CSC3045.Agile.Business.Bootstrapper\CSC3045.Agile.Business.Bootstrapper.csproj", "{44C38173-5ABF-40E3-A7F3-6C5C9FA286FB}"
EndProject
Project("{FAE04EC0-301F-11D3-BF4B-00C04F79EFBC}") = "CSC3045.Agile.Business.Contracts", "CSC3045.Business.Contracts\CSC3045.Agile.Business.Contracts.csproj", "{DB3EAC9A-09EB-41B5-8935-233160E88CA1}"
EndProject
Project("{FAE04EC0-301F-11D3-BF4B-00C04F79EFBC}") = "CSC3045.Agile.Business.Services", "CSC3045.Agile.Business.Services\CSC3045.Agile.Business.Services.csproj", "{94591100-7878-4B81-B99B-634BE8631585}"
EndProject
Project("{FAE04EC0-301F-11D3-BF4B-00C04F79EFBC}") = "CSC3045.Agile.Business", "CSC3045.Agile.Business\CSC3045.Agile.Business.csproj", "{57E23A71-7ECA-4145-99F4-C6C9A6CE8138}"
EndProject
Project("{FAE04EC0-301F-11D3-BF4B-00C04F79EFBC}") = "CSC3045.Agile.Business.Common", "CSC3045.Agile.Business.Common\CSC3045.Agile.Business.Common.csproj", "{7D783F9A-F128-4C31-B021-F1B512A8432E}"
EndProject
Project("{FAE04EC0-301F-11D3-BF4B-00C04F79EFBC}") = "Core.Common.Tests", "Core.Common.Tests\Core.Common.Tests.csproj", "{3492A5CB-8CB5-46FF-B307-FB6B85D594B1}"
EndProject
Project("{FAE04EC0-301F-11D3-BF4B-00C04F79EFBC}") = "Core.Common.UI.Tests", "Core.Common.UI.Tests\Core.Common.UI.Tests.csproj", "{E2D4AE9F-521D-4D6D-8C95-FDA6C1CACB40}"
EndProject
Project("{FAE04EC0-301F-11D3-BF4B-00C04F79EFBC}") = "CSC3045.Agile.Data.Tests", "CSC3045.Agile.Data.Tests\CSC3045.Agile.Data.Tests.csproj", "{6DEBE16D-B737-472E-9C90-BF53C6D248F1}"
EndProject
Project("{FAE04EC0-301F-11D3-BF4B-00C04F79EFBC}") = "CSC3045.Agile.Business.Services.Tests", "CSC3045.Agile.Business.Services.Tests\CSC3045.Agile.Business.Services.Tests.csproj", "{48572DE1-9B8D-4B4D-AD1F-2F6BA03F4AD3}"
EndProject
Project("{2150E333-8FDC-42A3-9474-1A3956D46DE8}") = "Presentation", "Presentation", "{38B89835-4EEA-4DD3-88D1-FD8F319FE0CC}"
EndProject
Project("{FAE04EC0-301F-11D3-BF4B-00C04F79EFBC}") = "ClientDesktop", "ClientDesktop\ClientDesktop.csproj", "{CDE115CE-B6DC-4F4D-B79B-8E4CF68FE379}"
EndProject
Global
	GlobalSection(SolutionConfigurationPlatforms) = preSolution
		Debug|Any CPU = Debug|Any CPU
		Release|Any CPU = Release|Any CPU
	EndGlobalSection
	GlobalSection(ProjectConfigurationPlatforms) = postSolution
		{F6BCFF98-A714-4B7B-978F-23D812D1744A}.Debug|Any CPU.ActiveCfg = Debug|Any CPU
		{F6BCFF98-A714-4B7B-978F-23D812D1744A}.Debug|Any CPU.Build.0 = Debug|Any CPU
		{F6BCFF98-A714-4B7B-978F-23D812D1744A}.Release|Any CPU.ActiveCfg = Release|Any CPU
		{F6BCFF98-A714-4B7B-978F-23D812D1744A}.Release|Any CPU.Build.0 = Release|Any CPU
		{5F9B5530-F150-4BF0-9D07-0AD8A4C6EF7D}.Debug|Any CPU.ActiveCfg = Debug|Any CPU
		{5F9B5530-F150-4BF0-9D07-0AD8A4C6EF7D}.Debug|Any CPU.Build.0 = Debug|Any CPU
		{5F9B5530-F150-4BF0-9D07-0AD8A4C6EF7D}.Release|Any CPU.ActiveCfg = Release|Any CPU
		{5F9B5530-F150-4BF0-9D07-0AD8A4C6EF7D}.Release|Any CPU.Build.0 = Release|Any CPU
		{5DF27A6C-2466-4BAA-B379-90D3D60AD5BA}.Debug|Any CPU.ActiveCfg = Debug|Any CPU
		{5DF27A6C-2466-4BAA-B379-90D3D60AD5BA}.Debug|Any CPU.Build.0 = Debug|Any CPU
		{5DF27A6C-2466-4BAA-B379-90D3D60AD5BA}.Release|Any CPU.ActiveCfg = Release|Any CPU
		{5DF27A6C-2466-4BAA-B379-90D3D60AD5BA}.Release|Any CPU.Build.0 = Release|Any CPU
		{73FBE0BF-9DB9-498E-8AEF-68210104D0C1}.Debug|Any CPU.ActiveCfg = Debug|Any CPU
		{73FBE0BF-9DB9-498E-8AEF-68210104D0C1}.Debug|Any CPU.Build.0 = Debug|Any CPU
		{73FBE0BF-9DB9-498E-8AEF-68210104D0C1}.Release|Any CPU.ActiveCfg = Release|Any CPU
		{73FBE0BF-9DB9-498E-8AEF-68210104D0C1}.Release|Any CPU.Build.0 = Release|Any CPU
		{02FDF132-B361-49FD-A988-D8A234DD98AA}.Debug|Any CPU.ActiveCfg = Debug|Any CPU
		{02FDF132-B361-49FD-A988-D8A234DD98AA}.Debug|Any CPU.Build.0 = Debug|Any CPU
		{02FDF132-B361-49FD-A988-D8A234DD98AA}.Release|Any CPU.ActiveCfg = Release|Any CPU
		{02FDF132-B361-49FD-A988-D8A234DD98AA}.Release|Any CPU.Build.0 = Release|Any CPU
		{98F36136-C738-4BC9-B9E9-58CF1463E9C1}.Debug|Any CPU.ActiveCfg = Debug|Any CPU
		{98F36136-C738-4BC9-B9E9-58CF1463E9C1}.Debug|Any CPU.Build.0 = Debug|Any CPU
		{98F36136-C738-4BC9-B9E9-58CF1463E9C1}.Release|Any CPU.ActiveCfg = Release|Any CPU
		{98F36136-C738-4BC9-B9E9-58CF1463E9C1}.Release|Any CPU.Build.0 = Release|Any CPU
		{C48A9C38-6A69-4656-9D0E-1894B1CE487C}.Debug|Any CPU.ActiveCfg = Debug|Any CPU
		{C48A9C38-6A69-4656-9D0E-1894B1CE487C}.Debug|Any CPU.Build.0 = Debug|Any CPU
		{C48A9C38-6A69-4656-9D0E-1894B1CE487C}.Release|Any CPU.ActiveCfg = Release|Any CPU
		{C48A9C38-6A69-4656-9D0E-1894B1CE487C}.Release|Any CPU.Build.0 = Release|Any CPU
		{EFD9FF88-099E-417B-A39A-1A358B9008CB}.Debug|Any CPU.ActiveCfg = Debug|Any CPU
		{EFD9FF88-099E-417B-A39A-1A358B9008CB}.Debug|Any CPU.Build.0 = Debug|Any CPU
		{EFD9FF88-099E-417B-A39A-1A358B9008CB}.Release|Any CPU.ActiveCfg = Release|Any CPU
		{EFD9FF88-099E-417B-A39A-1A358B9008CB}.Release|Any CPU.Build.0 = Release|Any CPU
		{44C38173-5ABF-40E3-A7F3-6C5C9FA286FB}.Debug|Any CPU.ActiveCfg = Debug|Any CPU
		{44C38173-5ABF-40E3-A7F3-6C5C9FA286FB}.Debug|Any CPU.Build.0 = Debug|Any CPU
		{44C38173-5ABF-40E3-A7F3-6C5C9FA286FB}.Release|Any CPU.ActiveCfg = Release|Any CPU
		{44C38173-5ABF-40E3-A7F3-6C5C9FA286FB}.Release|Any CPU.Build.0 = Release|Any CPU
		{DB3EAC9A-09EB-41B5-8935-233160E88CA1}.Debug|Any CPU.ActiveCfg = Debug|Any CPU
		{DB3EAC9A-09EB-41B5-8935-233160E88CA1}.Debug|Any CPU.Build.0 = Debug|Any CPU
		{DB3EAC9A-09EB-41B5-8935-233160E88CA1}.Release|Any CPU.ActiveCfg = Release|Any CPU
		{DB3EAC9A-09EB-41B5-8935-233160E88CA1}.Release|Any CPU.Build.0 = Release|Any CPU
		{94591100-7878-4B81-B99B-634BE8631585}.Debug|Any CPU.ActiveCfg = Debug|Any CPU
		{94591100-7878-4B81-B99B-634BE8631585}.Debug|Any CPU.Build.0 = Debug|Any CPU
		{94591100-7878-4B81-B99B-634BE8631585}.Release|Any CPU.ActiveCfg = Release|Any CPU
		{94591100-7878-4B81-B99B-634BE8631585}.Release|Any CPU.Build.0 = Release|Any CPU
		{57E23A71-7ECA-4145-99F4-C6C9A6CE8138}.Debug|Any CPU.ActiveCfg = Debug|Any CPU
		{57E23A71-7ECA-4145-99F4-C6C9A6CE8138}.Debug|Any CPU.Build.0 = Debug|Any CPU
		{57E23A71-7ECA-4145-99F4-C6C9A6CE8138}.Release|Any CPU.ActiveCfg = Release|Any CPU
		{57E23A71-7ECA-4145-99F4-C6C9A6CE8138}.Release|Any CPU.Build.0 = Release|Any CPU
		{7D783F9A-F128-4C31-B021-F1B512A8432E}.Debug|Any CPU.ActiveCfg = Debug|Any CPU
		{7D783F9A-F128-4C31-B021-F1B512A8432E}.Debug|Any CPU.Build.0 = Debug|Any CPU
		{7D783F9A-F128-4C31-B021-F1B512A8432E}.Release|Any CPU.ActiveCfg = Release|Any CPU
		{7D783F9A-F128-4C31-B021-F1B512A8432E}.Release|Any CPU.Build.0 = Release|Any CPU
		{3492A5CB-8CB5-46FF-B307-FB6B85D594B1}.Debug|Any CPU.ActiveCfg = Debug|Any CPU
		{3492A5CB-8CB5-46FF-B307-FB6B85D594B1}.Debug|Any CPU.Build.0 = Debug|Any CPU
		{3492A5CB-8CB5-46FF-B307-FB6B85D594B1}.Release|Any CPU.ActiveCfg = Release|Any CPU
		{3492A5CB-8CB5-46FF-B307-FB6B85D594B1}.Release|Any CPU.Build.0 = Release|Any CPU
		{E2D4AE9F-521D-4D6D-8C95-FDA6C1CACB40}.Debug|Any CPU.ActiveCfg = Debug|Any CPU
		{E2D4AE9F-521D-4D6D-8C95-FDA6C1CACB40}.Debug|Any CPU.Build.0 = Debug|Any CPU
		{E2D4AE9F-521D-4D6D-8C95-FDA6C1CACB40}.Release|Any CPU.ActiveCfg = Release|Any CPU
		{E2D4AE9F-521D-4D6D-8C95-FDA6C1CACB40}.Release|Any CPU.Build.0 = Release|Any CPU
		{6DEBE16D-B737-472E-9C90-BF53C6D248F1}.Debug|Any CPU.ActiveCfg = Debug|Any CPU
		{6DEBE16D-B737-472E-9C90-BF53C6D248F1}.Debug|Any CPU.Build.0 = Debug|Any CPU
		{6DEBE16D-B737-472E-9C90-BF53C6D248F1}.Release|Any CPU.ActiveCfg = Release|Any CPU
		{6DEBE16D-B737-472E-9C90-BF53C6D248F1}.Release|Any CPU.Build.0 = Release|Any CPU
		{48572DE1-9B8D-4B4D-AD1F-2F6BA03F4AD3}.Debug|Any CPU.ActiveCfg = Debug|Any CPU
		{48572DE1-9B8D-4B4D-AD1F-2F6BA03F4AD3}.Debug|Any CPU.Build.0 = Debug|Any CPU
		{48572DE1-9B8D-4B4D-AD1F-2F6BA03F4AD3}.Release|Any CPU.ActiveCfg = Release|Any CPU
		{48572DE1-9B8D-4B4D-AD1F-2F6BA03F4AD3}.Release|Any CPU.Build.0 = Release|Any CPU
		{CDE115CE-B6DC-4F4D-B79B-8E4CF68FE379}.Debug|Any CPU.ActiveCfg = Debug|Any CPU
		{CDE115CE-B6DC-4F4D-B79B-8E4CF68FE379}.Debug|Any CPU.Build.0 = Debug|Any CPU
		{CDE115CE-B6DC-4F4D-B79B-8E4CF68FE379}.Release|Any CPU.ActiveCfg = Release|Any CPU
		{CDE115CE-B6DC-4F4D-B79B-8E4CF68FE379}.Release|Any CPU.Build.0 = Release|Any CPU
	EndGlobalSection
	GlobalSection(SolutionProperties) = preSolution
		HideSolutionNode = FALSE
	EndGlobalSection
	GlobalSection(NestedProjects) = preSolution
		{F6BCFF98-A714-4B7B-978F-23D812D1744A} = {75B4091E-6830-4729-AA85-9D1C6A00E9E2}
		{5F9B5530-F150-4BF0-9D07-0AD8A4C6EF7D} = {75B4091E-6830-4729-AA85-9D1C6A00E9E2}
		{5DF27A6C-2466-4BAA-B379-90D3D60AD5BA} = {75B4091E-6830-4729-AA85-9D1C6A00E9E2}
		{73FBE0BF-9DB9-498E-8AEF-68210104D0C1} = {75B4091E-6830-4729-AA85-9D1C6A00E9E2}
		{02FDF132-B361-49FD-A988-D8A234DD98AA} = {AFF45DC3-06E4-47A6-AEEC-82218F1B8556}
		{98F36136-C738-4BC9-B9E9-58CF1463E9C1} = {FDE5AEB5-3891-4B2C-9EAD-1564D1562F79}
		{C48A9C38-6A69-4656-9D0E-1894B1CE487C} = {20CE1526-DE3D-43B3-8AD6-464564D0B6CF}
		{EFD9FF88-099E-417B-A39A-1A358B9008CB} = {20CE1526-DE3D-43B3-8AD6-464564D0B6CF}
		{44C38173-5ABF-40E3-A7F3-6C5C9FA286FB} = {AFF45DC3-06E4-47A6-AEEC-82218F1B8556}
		{DB3EAC9A-09EB-41B5-8935-233160E88CA1} = {AFF45DC3-06E4-47A6-AEEC-82218F1B8556}
		{94591100-7878-4B81-B99B-634BE8631585} = {AFF45DC3-06E4-47A6-AEEC-82218F1B8556}
		{57E23A71-7ECA-4145-99F4-C6C9A6CE8138} = {AFF45DC3-06E4-47A6-AEEC-82218F1B8556}
		{7D783F9A-F128-4C31-B021-F1B512A8432E} = {AFF45DC3-06E4-47A6-AEEC-82218F1B8556}
		{3492A5CB-8CB5-46FF-B307-FB6B85D594B1} = {D15D505E-91DC-48F8-A124-88D1DE9AB75A}
		{E2D4AE9F-521D-4D6D-8C95-FDA6C1CACB40} = {D15D505E-91DC-48F8-A124-88D1DE9AB75A}
		{6DEBE16D-B737-472E-9C90-BF53C6D248F1} = {D15D505E-91DC-48F8-A124-88D1DE9AB75A}
		{48572DE1-9B8D-4B4D-AD1F-2F6BA03F4AD3} = {D15D505E-91DC-48F8-A124-88D1DE9AB75A}
		{CDE115CE-B6DC-4F4D-B79B-8E4CF68FE379} = {38B89835-4EEA-4DD3-88D1-FD8F319FE0CC}
	EndGlobalSection
EndGlobal
